lockfileVersion: 5.3

specifiers:
  debounce: ^1.2.1
  deep-diff: ^1.0.2
  detect-browser: ^5.0.0

dependencies:
  debounce: 1.2.1
  deep-diff: 1.0.2
  detect-browser: 5.3.0

packages:

  /debounce/1.2.1:
    resolution: {integrity: sha512-XRRe6Glud4rd/ZGQfiV1ruXSfbvfJedlV9Y6zOlP+2K04vBYiJEte6stfFkCP03aMnY5tsipamumUjL14fofug==}
    dev: false

  /deep-diff/1.0.2:
    resolution: {integrity: sha512-aWS3UIVH+NPGCD1kki+DCU9Dua032iSsO43LqQpcs4R3+dVv7tX0qBGjiVHJHjplsoUM2XRO/KB92glqc68awg==}
    dev: false

  /detect-browser/5.3.0:
    resolution: {integrity: sha512-53rsFbGdwMwlF7qvCt0ypLM5V5/Mbl0szB7GPN8y9NCcbknYOeVVXdrXEq+90IwAfrrzt6Hd+u2E2ntakICU8w==}
    dev: false
