lockfileVersion: 5.3

specifiers:
  '@yakit/core': workspace:../core
  '@yakit/ui': workspace:../ui
  framework7-svelte: ^6.3.15
  svelte: ^3.42.4
  svelte-select: ^4.4.7
  svelte-spa-router: ^3.2.0

dependencies:
  '@yakit/core': link:../core
  '@yakit/ui': link:../ui
  framework7-svelte: 6.3.16
  svelte: 3.46.4
  svelte-select: 4.4.7
  svelte-spa-router: 3.2.0

packages:

  /framework7-svelte/6.3.16:
    resolution: {integrity: sha512-Fpzlcd2x6q0VyhytuHmImaZ2PhVw6aq/FpiDlSnPbKA2/7yq0OCaSckK6WqDD/Rt8biFCYcTbyUJIBHW3toAMw==}
    dev: false

  /regexparam/2.0.0:
    resolution: {integrity: sha512-gJKwd2MVPWHAIFLsaYDZfyKzHNS4o7E/v8YmNf44vmeV2e4YfVoDToTOKTvE7ab68cRJ++kLuEXJBaEeJVt5ow==}
    engines: {node: '>=8'}
    dev: false

  /svelte-select/4.4.7:
    resolution: {integrity: sha512-fIf9Z8rPI6F8naHZ9wjXT0Pv5gLyhdHAFkHFJnCfVVfELE8e82uOoF0xEVQP6Kir+b4Q5yOvNAzZ61WbSU6A0A==}
    dev: false

  /svelte-spa-router/3.2.0:
    resolution: {integrity: sha512-igemo5Vs82TGBBw+DjWt6qKameXYzNs6aDXcTxou5XbEvOjiRcAM6MLkdVRCatn6u8r42dE99bt/br7T4qe/AQ==}
    dependencies:
      regexparam: 2.0.0
    dev: false

  /svelte/3.46.4:
    resolution: {integrity: sha512-qKJzw6DpA33CIa+C/rGp4AUdSfii0DOTCzj/2YpSKKayw5WGSS624Et9L1nU1k2OVRS9vaENQXp2CVZNU+xvIg==}
    engines: {node: '>= 8'}
    dev: false
