lockfileVersion: 5.3

specifiers:
  '@fortawesome/fontawesome-free': ^6.0.0
  '@mdi/font': ^6.5.95
  '@yakit/core': workspace:../core
  apexcharts: ^3.33.1
  bulma: github:yakworks/bulma
  free-jqgrid: 4.13.3
  ky: ^0.28.7
  notyf: ^3.10.0
  sweetalert2: ^11.4.0

dependencies:
  '@fortawesome/fontawesome-free': 6.0.0
  '@mdi/font': 6.5.95
  '@yakit/core': link:../core
  apexcharts: 3.33.1
  bulma: github.com/yakworks/bulma/f96ae80e2c9f5674c06aea711ea7aba6266fbce4
  free-jqgrid: 4.13.3
  ky: 0.28.7
  notyf: 3.10.0
  sweetalert2: 11.4.4

packages:

  /@fortawesome/fontawesome-free/6.0.0:
    resolution: {integrity: sha512-6LB4PYBST1Rx40klypw1SmSDArjFOcfBf2LeX9Zg5EKJT2eXiyiJq+CyBYKeXyK0sXS2FsCJWSPr/luyhuvh0Q==}
    engines: {node: '>=6'}
    requiresBuild: true
    dev: false

  /@mdi/font/6.5.95:
    resolution: {integrity: sha512-ES5rj6J39FUkHe/b3C9SJs8bqIungYhuU7rBINTBaHOv/Ce4RCb3Gw08CZVl32W33UEkgRkzyWaIedV4at+QHg==}
    dev: false

  /apexcharts/3.33.1:
    resolution: {integrity: sha512-5aVzrgJefd8EH4w7oRmuOhA3+cxJxQg27cYg3ANVGvPCOB4AY3mVVNtFHRFaIq7bv8ws4GRaA9MWfzoWQw3MPQ==}
    dependencies:
      svg.draggable.js: 2.2.2
      svg.easing.js: 2.0.0
      svg.filter.js: 2.0.2
      svg.pathmorphing.js: 0.1.3
      svg.resize.js: 1.4.3
      svg.select.js: 3.0.1
    dev: false

  /free-jqgrid/4.13.3:
    resolution: {integrity: sha1-EdmI/BWXblL+zik1/D8DVQDglA8=}
    dev: false

  /ky/0.28.7:
    resolution: {integrity: sha512-a23i6qSr/ep15vdtw/zyEQIDLoUaKDg9Jf04CYl/0ns/wXNYna26zJpI+MeIFaPeDvkrjLPrKtKOiiI3IE53RQ==}
    engines: {node: '>=12'}
    dev: false

  /notyf/3.10.0:
    resolution: {integrity: sha512-Mtnp+0qiZxgrH+TzVlzhWyZceHdAZ/UWK0/ju9U0HQeDpap1mZ8cC7H5wSI5mwgni6yeAjaxsTw0sbMK+aSuHw==}
    dev: false

  /svg.draggable.js/2.2.2:
    resolution: {integrity: sha512-JzNHBc2fLQMzYCZ90KZHN2ohXL0BQJGQimK1kGk6AvSeibuKcIdDX9Kr0dT9+UJ5O8nYA0RB839Lhvk4CY4MZw==}
    engines: {node: '>= 0.8.0'}
    dependencies:
      svg.js: 2.7.1
    dev: false

  /svg.easing.js/2.0.0:
    resolution: {integrity: sha1-iqmUawqOJ4V6XEChDrpAkeVpHxI=}
    engines: {node: '>= 0.8.0'}
    dependencies:
      svg.js: 2.7.1
    dev: false

  /svg.filter.js/2.0.2:
    resolution: {integrity: sha1-kQCOFROJ3ZIwd5/L5uLJo2LRwgM=}
    engines: {node: '>= 0.8.0'}
    dependencies:
      svg.js: 2.7.1
    dev: false

  /svg.js/2.7.1:
    resolution: {integrity: sha512-ycbxpizEQktk3FYvn/8BH+6/EuWXg7ZpQREJvgacqn46gIddG24tNNe4Son6omdXCnSOaApnpZw6MPCBA1dODA==}
    dev: false

  /svg.pathmorphing.js/0.1.3:
    resolution: {integrity: sha512-49HWI9X4XQR/JG1qXkSDV8xViuTLIWm/B/7YuQELV5KMOPtXjiwH4XPJvr/ghEDibmLQ9Oc22dpWpG0vUDDNww==}
    engines: {node: '>= 0.8.0'}
    dependencies:
      svg.js: 2.7.1
    dev: false

  /svg.resize.js/1.4.3:
    resolution: {integrity: sha512-9k5sXJuPKp+mVzXNvxz7U0uC9oVMQrrf7cFsETznzUDDm0x8+77dtZkWdMfRlmbkEEYvUn9btKuZ3n41oNA+uw==}
    engines: {node: '>= 0.8.0'}
    dependencies:
      svg.js: 2.7.1
      svg.select.js: 2.1.2
    dev: false

  /svg.select.js/2.1.2:
    resolution: {integrity: sha512-tH6ABEyJsAOVAhwcCjF8mw4crjXSI1aa7j2VQR8ZuJ37H2MBUbyeqYr5nEO7sSN3cy9AR9DUwNg0t/962HlDbQ==}
    engines: {node: '>= 0.8.0'}
    dependencies:
      svg.js: 2.7.1
    dev: false

  /svg.select.js/3.0.1:
    resolution: {integrity: sha512-h5IS/hKkuVCbKSieR9uQCj9w+zLHoPh+ce19bBYyqF53g6mnPB8sAtIbe1s9dh2S2fCmYX2xel1Ln3PJBbK4kw==}
    engines: {node: '>= 0.8.0'}
    dependencies:
      svg.js: 2.7.1
    dev: false

  /sweetalert2/11.4.4:
    resolution: {integrity: sha512-9yYWQuRT1v9JNI/paPTSYV+68MHwe9C+HQ/I2jtfaFzoJgYRftWXOs4JqmDSjT7m2m4r8ebMMn8LcxD1Wq9B/w==}
    dev: false

  github.com/yakworks/bulma/f96ae80e2c9f5674c06aea711ea7aba6266fbce4:
    resolution: {tarball: https://codeload.github.com/yakworks/bulma/tar.gz/f96ae80e2c9f5674c06aea711ea7aba6266fbce4}
    name: bulma
    version: 0.9.3
    dev: false
